
Microsoft Visual Studio Solution File, Format Version 12.00
# Visual Studio Version 17
VisualStudioVersion = 17.0.31903.59
MinimumVisualStudioVersion = 10.0.40219.1
Project("{2150E333-8FDC-42A3-9474-1A3956D46DE8}") = "src", "src", "{11FAFC4B-65FF-4A59-A731-F49DCFBA8BEE}"
EndProject
Project("{FAE04EC0-301F-11D3-BF4B-00C04F79EFBC}") = "ActivitiesService", "src\ActivitiesService\ActivitiesService.csproj", "{686D2035-8ECC-43BE-AAFB-8E2F5BDD78BF}"
EndProject
Global
	GlobalSection(SolutionConfigurationPlatforms) = preSolution
		Debug|Any CPU = Debug|Any CPU
		Release|Any CPU = Release|Any CPU
	EndGlobalSection
	GlobalSection(SolutionProperties) = preSolution
		HideSolutionNode = FALSE
	EndGlobalSection
	GlobalSection(ProjectConfigurationPlatforms) = postSolution
		{686D2035-8ECC-43BE-AAFB-8E2F5BDD78BF}.Debug|Any CPU.ActiveCfg = Debug|Any CPU
		{686D2035-8ECC-43BE-AAFB-8E2F5BDD78BF}.Debug|Any CPU.Build.0 = Debug|Any CPU
		{686D2035-8ECC-43BE-AAFB-8E2F5BDD78BF}.Release|Any CPU.ActiveCfg = Release|Any CPU
		{686D2035-8ECC-43BE-AAFB-8E2F5BDD78BF}.Release|Any CPU.Build.0 = Release|Any CPU
	EndGlobalSection
	GlobalSection(NestedProjects) = preSolution
		{686D2035-8ECC-43BE-AAFB-8E2F5BDD78BF} = {11FAFC4B-65FF-4A59-A731-F49DCFBA8BEE}
	EndGlobalSection
EndGlobal
